
Microsoft Visual Studio Solution File, Format Version 12.00
# Visual Studio Version 16
VisualStudioVersion = 16.6.30114.105
MinimumVisualStudioVersion = 10.0.40219.1
Project("{2150E333-8FDC-42A3-9474-1A3956D46DE8}") = "Src", "Src", "{ECF650EC-4102-4499-8270-A483EA2BA05D}"
EndProject
Project("{FAE04EC0-301F-11D3-BF4B-00C04F79EFBC}") = "WebApi", "Src\WebApi\WebApi.csproj", "{61980DEF-28DC-4B57-A754-3BF00B932AA2}"
EndProject
Project("{FAE04EC0-301F-11D3-BF4B-00C04F79EFBC}") = "MovieTicket.Respository", "Src\MovieTicket.Respository\MovieTicket.Respository.csproj", "{82A3E7F1-876C-4DF3-8E8C-29FBA45EF29D}"
EndProject
Global
	GlobalSection(SolutionConfigurationPlatforms) = preSolution
		Debug|Any CPU = Debug|Any CPU
		Debug|x64 = Debug|x64
		Debug|x86 = Debug|x86
		Release|Any CPU = Release|Any CPU
		Release|x64 = Release|x64
		Release|x86 = Release|x86
	EndGlobalSection
	GlobalSection(SolutionProperties) = preSolution
		HideSolutionNode = FALSE
	EndGlobalSection
	GlobalSection(ProjectConfigurationPlatforms) = postSolution
		{61980DEF-28DC-4B57-A754-3BF00B932AA2}.Debug|Any CPU.ActiveCfg = Debug|Any CPU
		{61980DEF-28DC-4B57-A754-3BF00B932AA2}.Debug|Any CPU.Build.0 = Debug|Any CPU
		{61980DEF-28DC-4B57-A754-3BF00B932AA2}.Debug|x64.ActiveCfg = Debug|Any CPU
		{61980DEF-28DC-4B57-A754-3BF00B932AA2}.Debug|x64.Build.0 = Debug|Any CPU
		{61980DEF-28DC-4B57-A754-3BF00B932AA2}.Debug|x86.ActiveCfg = Debug|Any CPU
		{61980DEF-28DC-4B57-A754-3BF00B932AA2}.Debug|x86.Build.0 = Debug|Any CPU
		{61980DEF-28DC-4B57-A754-3BF00B932AA2}.Release|Any CPU.ActiveCfg = Release|Any CPU
		{61980DEF-28DC-4B57-A754-3BF00B932AA2}.Release|Any CPU.Build.0 = Release|Any CPU
		{61980DEF-28DC-4B57-A754-3BF00B932AA2}.Release|x64.ActiveCfg = Release|Any CPU
		{61980DEF-28DC-4B57-A754-3BF00B932AA2}.Release|x64.Build.0 = Release|Any CPU
		{61980DEF-28DC-4B57-A754-3BF00B932AA2}.Release|x86.ActiveCfg = Release|Any CPU
		{61980DEF-28DC-4B57-A754-3BF00B932AA2}.Release|x86.Build.0 = Release|Any CPU
		{82A3E7F1-876C-4DF3-8E8C-29FBA45EF29D}.Debug|Any CPU.ActiveCfg = Debug|Any CPU
		{82A3E7F1-876C-4DF3-8E8C-29FBA45EF29D}.Debug|Any CPU.Build.0 = Debug|Any CPU
		{82A3E7F1-876C-4DF3-8E8C-29FBA45EF29D}.Debug|x64.ActiveCfg = Debug|Any CPU
		{82A3E7F1-876C-4DF3-8E8C-29FBA45EF29D}.Debug|x64.Build.0 = Debug|Any CPU
		{82A3E7F1-876C-4DF3-8E8C-29FBA45EF29D}.Debug|x86.ActiveCfg = Debug|Any CPU
		{82A3E7F1-876C-4DF3-8E8C-29FBA45EF29D}.Debug|x86.Build.0 = Debug|Any CPU
		{82A3E7F1-876C-4DF3-8E8C-29FBA45EF29D}.Release|Any CPU.ActiveCfg = Release|Any CPU
		{82A3E7F1-876C-4DF3-8E8C-29FBA45EF29D}.Release|Any CPU.Build.0 = Release|Any CPU
		{82A3E7F1-876C-4DF3-8E8C-29FBA45EF29D}.Release|x64.ActiveCfg = Release|Any CPU
		{82A3E7F1-876C-4DF3-8E8C-29FBA45EF29D}.Release|x64.Build.0 = Release|Any CPU
		{82A3E7F1-876C-4DF3-8E8C-29FBA45EF29D}.Release|x86.ActiveCfg = Release|Any CPU
		{82A3E7F1-876C-4DF3-8E8C-29FBA45EF29D}.Release|x86.Build.0 = Release|Any CPU
	EndGlobalSection
	GlobalSection(NestedProjects) = preSolution
		{61980DEF-28DC-4B57-A754-3BF00B932AA2} = {ECF650EC-4102-4499-8270-A483EA2BA05D}
		{82A3E7F1-876C-4DF3-8E8C-29FBA45EF29D} = {ECF650EC-4102-4499-8270-A483EA2BA05D}
	EndGlobalSection
EndGlobal
